
Microsoft Visual Studio Solution File, Format Version 12.00
# Visual Studio Version 17
VisualStudioVersion = 17.3.32901.215
MinimumVisualStudioVersion = 10.0.40219.1
Project("{FAE04EC0-301F-11D3-BF4B-00C04F79EFBC}") = "IndividuelltProjekt", "IndividuelltProjekt\IndividuelltProjekt.csproj", "{1A08BD7C-E59F-4818-8283-12D67C474006}"
EndProject
Global
	GlobalSection(SolutionConfigurationPlatforms) = preSolution
		Debug|Any CPU = Debug|Any CPU
		Release|Any CPU = Release|Any CPU
	EndGlobalSection
	GlobalSection(ProjectConfigurationPlatforms) = postSolution
		{1A08BD7C-E59F-4818-8283-12D67C474006}.Debug|Any CPU.ActiveCfg = Debug|Any CPU
		{1A08BD7C-E59F-4818-8283-12D67C474006}.Debug|Any CPU.Build.0 = Debug|Any CPU
		{1A08BD7C-E59F-4818-8283-12D67C474006}.Release|Any CPU.ActiveCfg = Release|Any CPU
		{1A08BD7C-E59F-4818-8283-12D67C474006}.Release|Any CPU.Build.0 = Release|Any CPU
	EndGlobalSection
	GlobalSection(SolutionProperties) = preSolution
		HideSolutionNode = FALSE
	EndGlobalSection
	GlobalSection(ExtensibilityGlobals) = postSolution
		SolutionGuid = {0885328E-DD0E-4489-A9C8-30114EE4AFA7}
	EndGlobalSection
EndGlobal
